// !$*UTF8*$!
{
	archiveVersion = 1;
	classes = {
	};
	objectVersion = 77;
	objects = {

/* Begin PBXBuildFile section */
		36B721012E828FB0001B0E2B /* AppDelegate.swift in Sources */ = {isa = PBXBuildFile; fileRef = 36B720EE2E828FB0001B0E2B /* AppDelegate.swift */; };
		36B721032E828FB0001B0E2B /* Assets.xcassets in Resources */ = {isa = PBXBuildFile; fileRef = 36B720EF2E828FB0001B0E2B /* Assets.xcassets */; };
		36B721042E828FB0001B0E2B /* Main.storyboard in Resources */ = {isa = PBXBuildFile; fileRef = 36B720F42E828FB0001B0E2B /* Main.storyboard */; };
		36B721052E828FB0001B0E2B /* LaunchScreen.storyboard in Resources */ = {isa = PBXBuildFile; fileRef = 36B720F22E828FB0001B0E2B /* LaunchScreen.storyboard */; };
		36B721202E829001001B0E2B /* FetchUsersUseCase.swift in Sources */ = {isa = PBXBuildFile; fileRef = 36B721142E829001001B0E2B /* FetchUsersUseCase.swift */; };
		36B721212E829001001B0E2B /* UserDetailViewController.swift in Sources */ = {isa = PBXBuildFile; fileRef = 36B721172E829001001B0E2B /* UserDetailViewController.swift */; };
		36B721232E829001001B0E2B /* APIClient.swift in Sources */ = {isa = PBXBuildFile; fileRef = 36B721082E829001001B0E2B /* APIClient.swift */; };
		36B721242E829001001B0E2B /* Endpoint.swift in Sources */ = {isa = PBXBuildFile; fileRef = 36B7210A2E829001001B0E2B /* Endpoint.swift */; };
		36B721252E829001001B0E2B /* UsersRepositoryImpl.swift in Sources */ = {isa = PBXBuildFile; fileRef = 36B721122E829001001B0E2B /* UsersRepositoryImpl.swift */; };
		36B721262E829001001B0E2B /* UsersListViewModel.swift in Sources */ = {isa = PBXBuildFile; fileRef = 36B7211B2E829001001B0E2B /* UsersListViewModel.swift */; };
		36B721272E829001001B0E2B /* UsersEndpoint.swift in Sources */ = {isa = PBXBuildFile; fileRef = 36B721112E829001001B0E2B /* UsersEndpoint.swift */; };
		36B721282E829001001B0E2B /* UserDetailViewModel.swift in Sources */ = {isa = PBXBuildFile; fileRef = 36B721182E829001001B0E2B /* UserDetailViewModel.swift */; };
		36B721292E829001001B0E2B /* UserModel.swift in Sources */ = {isa = PBXBuildFile; fileRef = 36B721102E829001001B0E2B /* UserModel.swift */; };
		36B7212A2E829001001B0E2B /* UsersRepository.swift in Sources */ = {isa = PBXBuildFile; fileRef = 36B721152E829001001B0E2B /* UsersRepository.swift */; };
		36B7212B2E829001001B0E2B /* APIError.swift in Sources */ = {isa = PBXBuildFile; fileRef = 36B7210D2E829001001B0E2B /* APIError.swift */; };
		36B7212C2E829001001B0E2B /* DomainError.swift in Sources */ = {isa = PBXBuildFile; fileRef = 36B7210E2E829001001B0E2B /* DomainError.swift */; };
		36B7212D2E829001001B0E2B /* APIURL.swift in Sources */ = {isa = PBXBuildFile; fileRef = 36B721092E829001001B0E2B /* APIURL.swift */; };
		36B7212E2E829001001B0E2B /* UsersListViewController.swift in Sources */ = {isa = PBXBuildFile; fileRef = 36B7211A2E829001001B0E2B /* UsersListViewController.swift */; };
		36B721B12E829758001B0E2B /* UserUseCaseTests.swift in Sources */ = {isa = PBXBuildFile; fileRef = 36B721AF2E829745001B0E2B /* UserUseCaseTests.swift */; };
		36B721B52E838317001B0E2B /* UserDTO.swift in Sources */ = {isa = PBXBuildFile; fileRef = 36B721B42E838314001B0E2B /* UserDTO.swift */; };
		36B721B72E838372001B0E2B /* UserMapper.swift in Sources */ = {isa = PBXBuildFile; fileRef = 36B721B62E838370001B0E2B /* UserMapper.swift */; };
		36B721B92E8389D0001B0E2B /* FetchUsersByIdUseCase.swift in Sources */ = {isa = PBXBuildFile; fileRef = 36B721B82E8389D0001B0E2B /* FetchUsersByIdUseCase.swift */; };
		36B721BC2E8393D7001B0E2B /* DeleteUserUserCase.swift in Sources */ = {isa = PBXBuildFile; fileRef = 36B721BB2E8393D7001B0E2B /* DeleteUserUserCase.swift */; };
		36B721BF2E839B3E001B0E2B /* UserDtoConvertTests.swift in Sources */ = {isa = PBXBuildFile; fileRef = 36B721BE2E839B3E001B0E2B /* UserDtoConvertTests.swift */; };
		36B721C22E839C18001B0E2B /* MockURL.swift in Sources */ = {isa = PBXBuildFile; fileRef = 36B721C12E839C12001B0E2B /* MockURL.swift */; };
		36B721C62E839CCB001B0E2B /* UserRepoTests.swift in Sources */ = {isa = PBXBuildFile; fileRef = 36B721C52E839CC4001B0E2B /* UserRepoTests.swift */; };
/* End PBXBuildFile section */

/* Begin PBXContainerItemProxy section */
		36B720D12E828F9B001B0E2B /* PBXContainerItemProxy */ = {
			isa = PBXContainerItemProxy;
			containerPortal = 36B720B22E828F99001B0E2B /* Project object */;
			proxyType = 1;
			remoteGlobalIDString = 36B720B92E828F99001B0E2B;
			remoteInfo = CombineUser;
		};
		36B720DB2E828F9B001B0E2B /* PBXContainerItemProxy */ = {
			isa = PBXContainerItemProxy;
			containerPortal = 36B720B22E828F99001B0E2B /* Project object */;
			proxyType = 1;
			remoteGlobalIDString = 36B720B92E828F99001B0E2B;
			remoteInfo = CombineUser;
		};
/* End PBXContainerItemProxy section */

/* Begin PBXFileReference section */
		36B720BA2E828F99001B0E2B /* CombineUser.app */ = {isa = PBXFileReference; explicitFileType = wrapper.application; includeInIndex = 0; path = CombineUser.app; sourceTree = BUILT_PRODUCTS_DIR; };
		36B720D02E828F9B001B0E2B /* CombineUserTests.xctest */ = {isa = PBXFileReference; explicitFileType = wrapper.cfbundle; includeInIndex = 0; path = CombineUserTests.xctest; sourceTree = BUILT_PRODUCTS_DIR; };
		36B720DA2E828F9B001B0E2B /* CombineUserUITests.xctest */ = {isa = PBXFileReference; explicitFileType = wrapper.cfbundle; includeInIndex = 0; path = CombineUserUITests.xctest; sourceTree = BUILT_PRODUCTS_DIR; };
		36B720EE2E828FB0001B0E2B /* AppDelegate.swift */ = {isa = PBXFileReference; lastKnownFileType = sourcecode.swift; path = AppDelegate.swift; sourceTree = "<group>"; };
		36B720EF2E828FB0001B0E2B /* Assets.xcassets */ = {isa = PBXFileReference; lastKnownFileType = folder.assetcatalog; path = Assets.xcassets; sourceTree = "<group>"; };
		36B720F12E828FB0001B0E2B /* Base */ = {isa = PBXFileReference; lastKnownFileType = file.storyboard; name = Base; path = Base.lproj/LaunchScreen.storyboard; sourceTree = "<group>"; };
		36B720F32E828FB0001B0E2B /* Base */ = {isa = PBXFileReference; lastKnownFileType = file.storyboard; name = Base; path = Base.lproj/Main.storyboard; sourceTree = "<group>"; };
		36B721082E829001001B0E2B /* APIClient.swift */ = {isa = PBXFileReference; lastKnownFileType = sourcecode.swift; path = APIClient.swift; sourceTree = "<group>"; };
		36B721092E829001001B0E2B /* APIURL.swift */ = {isa = PBXFileReference; lastKnownFileType = sourcecode.swift; path = APIURL.swift; sourceTree = "<group>"; };
		36B7210A2E829001001B0E2B /* Endpoint.swift */ = {isa = PBXFileReference; lastKnownFileType = sourcecode.swift; path = Endpoint.swift; sourceTree = "<group>"; };
		36B7210D2E829001001B0E2B /* APIError.swift */ = {isa = PBXFileReference; lastKnownFileType = sourcecode.swift; path = APIError.swift; sourceTree = "<group>"; };
		36B7210E2E829001001B0E2B /* DomainError.swift */ = {isa = PBXFileReference; lastKnownFileType = sourcecode.swift; path = DomainError.swift; sourceTree = "<group>"; };
		36B721102E829001001B0E2B /* UserModel.swift */ = {isa = PBXFileReference; lastKnownFileType = sourcecode.swift; path = UserModel.swift; sourceTree = "<group>"; };
		36B721112E829001001B0E2B /* UsersEndpoint.swift */ = {isa = PBXFileReference; lastKnownFileType = sourcecode.swift; path = UsersEndpoint.swift; sourceTree = "<group>"; };
		36B721122E829001001B0E2B /* UsersRepositoryImpl.swift */ = {isa = PBXFileReference; lastKnownFileType = sourcecode.swift; path = UsersRepositoryImpl.swift; sourceTree = "<group>"; };
		36B721142E829001001B0E2B /* FetchUsersUseCase.swift */ = {isa = PBXFileReference; lastKnownFileType = sourcecode.swift; path = FetchUsersUseCase.swift; sourceTree = "<group>"; };
		36B721152E829001001B0E2B /* UsersRepository.swift */ = {isa = PBXFileReference; lastKnownFileType = sourcecode.swift; path = UsersRepository.swift; sourceTree = "<group>"; };
		36B721172E829001001B0E2B /* UserDetailViewController.swift */ = {isa = PBXFileReference; lastKnownFileType = sourcecode.swift; path = UserDetailViewController.swift; sourceTree = "<group>"; };
		36B721182E829001001B0E2B /* UserDetailViewModel.swift */ = {isa = PBXFileReference; lastKnownFileType = sourcecode.swift; path = UserDetailViewModel.swift; sourceTree = "<group>"; };
		36B7211A2E829001001B0E2B /* UsersListViewController.swift */ = {isa = PBXFileReference; lastKnownFileType = sourcecode.swift; path = UsersListViewController.swift; sourceTree = "<group>"; };
		36B7211B2E829001001B0E2B /* UsersListViewModel.swift */ = {isa = PBXFileReference; lastKnownFileType = sourcecode.swift; path = UsersListViewModel.swift; sourceTree = "<group>"; };
		36B7215E2E82932F001B0E2B /* Info.plist */ = {isa = PBXFileReference; lastKnownFileType = text.plist.xml; path = Info.plist; sourceTree = "<group>"; };
		36B721AF2E829745001B0E2B /* UserUseCaseTests.swift */ = {isa = PBXFileReference; lastKnownFileType = sourcecode.swift; path = UserUseCaseTests.swift; sourceTree = "<group>"; };
		36B721B42E838314001B0E2B /* UserDTO.swift */ = {isa = PBXFileReference; lastKnownFileType = sourcecode.swift; path = UserDTO.swift; sourceTree = "<group>"; };
		36B721B62E838370001B0E2B /* UserMapper.swift */ = {isa = PBXFileReference; lastKnownFileType = sourcecode.swift; path = UserMapper.swift; sourceTree = "<group>"; };
		36B721B82E8389D0001B0E2B /* FetchUsersByIdUseCase.swift */ = {isa = PBXFileReference; lastKnownFileType = sourcecode.swift; path = FetchUsersByIdUseCase.swift; sourceTree = "<group>"; };
		36B721BB2E8393D7001B0E2B /* DeleteUserUserCase.swift */ = {isa = PBXFileReference; lastKnownFileType = sourcecode.swift; path = DeleteUserUserCase.swift; sourceTree = "<group>"; };
		36B721BE2E839B3E001B0E2B /* UserDtoConvertTests.swift */ = {isa = PBXFileReference; lastKnownFileType = sourcecode.swift; path = UserDtoConvertTests.swift; sourceTree = "<group>"; };
		36B721C12E839C12001B0E2B /* MockURL.swift */ = {isa = PBXFileReference; lastKnownFileType = sourcecode.swift; path = MockURL.swift; sourceTree = "<group>"; };
		36B721C52E839CC4001B0E2B /* UserRepoTests.swift */ = {isa = PBXFileReference; lastKnownFileType = sourcecode.swift; path = UserRepoTests.swift; sourceTree = "<group>"; };
/* End PBXFileReference section */

/* Begin PBXFrameworksBuildPhase section */
		36B720B72E828F99001B0E2B /* Frameworks */ = {
			isa = PBXFrameworksBuildPhase;
			buildActionMask = 2147483647;
			files = (
			);
			runOnlyForDeploymentPostprocessing = 0;
		};
		36B720CD2E828F9B001B0E2B /* Frameworks */ = {
			isa = PBXFrameworksBuildPhase;
			buildActionMask = 2147483647;
			files = (
			);
			runOnlyForDeploymentPostprocessing = 0;
		};
		36B720D72E828F9B001B0E2B /* Frameworks */ = {
			isa = PBXFrameworksBuildPhase;
			buildActionMask = 2147483647;
			files = (
			);
			runOnlyForDeploymentPostprocessing = 0;
		};
/* End PBXFrameworksBuildPhase section */

/* Begin PBXGroup section */
		36B720B12E828F99001B0E2B = {
			isa = PBXGroup;
			children = (
				36B720F72E828FB0001B0E2B /* CombineUser */,
				36B720BB2E828F99001B0E2B /* Products */,
			);
			sourceTree = "<group>";
		};
		36B720BB2E828F99001B0E2B /* Products */ = {
			isa = PBXGroup;
			children = (
				36B720BA2E828F99001B0E2B /* CombineUser.app */,
				36B720D02E828F9B001B0E2B /* CombineUserTests.xctest */,
				36B720DA2E828F9B001B0E2B /* CombineUserUITests.xctest */,
			);
			name = Products;
			sourceTree = "<group>";
		};
		36B720F72E828FB0001B0E2B /* CombineUser */ = {
			isa = PBXGroup;
			children = (
				36B7215E2E82932F001B0E2B /* Info.plist */,
				36B720EE2E828FB0001B0E2B /* AppDelegate.swift */,
				36B7210C2E829001001B0E2B /* Core */,
				36B7211F2E829001001B0E2B /* Feature */,
				36B720EF2E828FB0001B0E2B /* Assets.xcassets */,
				36B720F22E828FB0001B0E2B /* LaunchScreen.storyboard */,
				36B720F42E828FB0001B0E2B /* Main.storyboard */,
				36B721AC2E82972A001B0E2B /* CombineUserTests */,
			);
			path = CombineUser;
			sourceTree = "<group>";
		};
		36B7210B2E829001001B0E2B /* Network */ = {
			isa = PBXGroup;
			children = (
				36B721082E829001001B0E2B /* APIClient.swift */,
				36B721092E829001001B0E2B /* APIURL.swift */,
				36B7210A2E829001001B0E2B /* Endpoint.swift */,
			);
			path = Network;
			sourceTree = "<group>";
		};
		36B7210C2E829001001B0E2B /* Core */ = {
			isa = PBXGroup;
			children = (
				36B7210B2E829001001B0E2B /* Network */,
				36B7210F2E829001001B0E2B /* Errors */,
			);
			path = Core;
			sourceTree = "<group>";
		};
		36B7210F2E829001001B0E2B /* Errors */ = {
			isa = PBXGroup;
			children = (
				36B7210D2E829001001B0E2B /* APIError.swift */,
				36B7210E2E829001001B0E2B /* DomainError.swift */,
			);
			path = Errors;
			sourceTree = "<group>";
		};
		36B721132E829001001B0E2B /* Data */ = {
			isa = PBXGroup;
			children = (
				36B721B42E838314001B0E2B /* UserDTO.swift */,
				36B721B62E838370001B0E2B /* UserMapper.swift */,
				36B721112E829001001B0E2B /* UsersEndpoint.swift */,
				36B721122E829001001B0E2B /* UsersRepositoryImpl.swift */,
			);
			path = Data;
			sourceTree = "<group>";
		};
		36B721162E829001001B0E2B /* Domain */ = {
			isa = PBXGroup;
			children = (
				36B721102E829001001B0E2B /* UserModel.swift */,
				36B721152E829001001B0E2B /* UsersRepository.swift */,
				36B721142E829001001B0E2B /* FetchUsersUseCase.swift */,
				36B721B82E8389D0001B0E2B /* FetchUsersByIdUseCase.swift */,
				36B721BB2E8393D7001B0E2B /* DeleteUserUserCase.swift */,
			);
			path = Domain;
			sourceTree = "<group>";
		};
		36B721192E829001001B0E2B /* UserDetail */ = {
			isa = PBXGroup;
			children = (
				36B721172E829001001B0E2B /* UserDetailViewController.swift */,
				36B721182E829001001B0E2B /* UserDetailViewModel.swift */,
			);
			path = UserDetail;
			sourceTree = "<group>";
		};
		36B7211C2E829001001B0E2B /* UsersList */ = {
			isa = PBXGroup;
			children = (
				36B7211A2E829001001B0E2B /* UsersListViewController.swift */,
				36B7211B2E829001001B0E2B /* UsersListViewModel.swift */,
			);
			path = UsersList;
			sourceTree = "<group>";
		};
		36B7211D2E829001001B0E2B /* Presentation */ = {
			isa = PBXGroup;
			children = (
				36B721192E829001001B0E2B /* UserDetail */,
				36B7211C2E829001001B0E2B /* UsersList */,
			);
			path = Presentation;
			sourceTree = "<group>";
		};
		36B7211E2E829001001B0E2B /* Users */ = {
			isa = PBXGroup;
			children = (
				36B721132E829001001B0E2B /* Data */,
				36B721162E829001001B0E2B /* Domain */,
				36B7211D2E829001001B0E2B /* Presentation */,
			);
			path = Users;
			sourceTree = "<group>";
		};
		36B7211F2E829001001B0E2B /* Feature */ = {
			isa = PBXGroup;
			children = (
				36B7211E2E829001001B0E2B /* Users */,
			);
			path = Feature;
			sourceTree = "<group>";
		};
		36B721AC2E82972A001B0E2B /* CombineUserTests */ = {
			isa = PBXGroup;
			children = (
				36B721C02E839C09001B0E2B /* MockURL */,
				36B721C42E839C93001B0E2B /* UserTests */,
			);
			path = CombineUserTests;
			sourceTree = "<group>";
		};
		36B721BD2E839AEB001B0E2B /* UserUseCaseTests */ = {
			isa = PBXGroup;
			children = (
				36B721AF2E829745001B0E2B /* UserUseCaseTests.swift */,
				36B721BE2E839B3E001B0E2B /* UserDtoConvertTests.swift */,
			);
			path = UserUseCaseTests;
			sourceTree = "<group>";
		};
		36B721C02E839C09001B0E2B /* MockURL */ = {
			isa = PBXGroup;
			children = (
				36B721C12E839C12001B0E2B /* MockURL.swift */,
			);
			path = MockURL;
			sourceTree = "<group>";
		};
		36B721C32E839C83001B0E2B /* UserRepoTests */ = {
			isa = PBXGroup;
			children = (
				36B721C52E839CC4001B0E2B /* UserRepoTests.swift */,
			);
			path = UserRepoTests;
			sourceTree = "<group>";
		};
		36B721C42E839C93001B0E2B /* UserTests */ = {
			isa = PBXGroup;
			children = (
				36B721BD2E839AEB001B0E2B /* UserUseCaseTests */,
				36B721C32E839C83001B0E2B /* UserRepoTests */,
			);
			path = UserTests;
			sourceTree = "<group>";
		};
/* End PBXGroup section */

/* Begin PBXNativeTarget section */
		36B720B92E828F99001B0E2B /* CombineUser */ = {
			isa = PBXNativeTarget;
			buildConfigurationList = 36B720E32E828F9B001B0E2B /* Build configuration list for PBXNativeTarget "CombineUser" */;
			buildPhases = (
				36B720B62E828F99001B0E2B /* Sources */,
				36B720B72E828F99001B0E2B /* Frameworks */,
				36B720B82E828F99001B0E2B /* Resources */,
			);
			buildRules = (
			);
			dependencies = (
			);
			name = CombineUser;
			packageProductDependencies = (
			);
			productName = CombineUser;
			productReference = 36B720BA2E828F99001B0E2B /* CombineUser.app */;
			productType = "com.apple.product-type.application";
		};
		36B720CF2E828F9B001B0E2B /* CombineUserTests */ = {
			isa = PBXNativeTarget;
			buildConfigurationList = 36B720E82E828F9B001B0E2B /* Build configuration list for PBXNativeTarget "CombineUserTests" */;
			buildPhases = (
				36B720CC2E828F9B001B0E2B /* Sources */,
				36B720CD2E828F9B001B0E2B /* Frameworks */,
				36B720CE2E828F9B001B0E2B /* Resources */,
			);
			buildRules = (
			);
			dependencies = (
				36B720D22E828F9B001B0E2B /* PBXTargetDependency */,
			);
			name = CombineUserTests;
			packageProductDependencies = (
			);
			productName = CombineUserTests;
			productReference = 36B720D02E828F9B001B0E2B /* CombineUserTests.xctest */;
			productType = "com.apple.product-type.bundle.unit-test";
		};
		36B720D92E828F9B001B0E2B /* CombineUserUITests */ = {
			isa = PBXNativeTarget;
			buildConfigurationList = 36B720EB2E828F9B001B0E2B /* Build configuration list for PBXNativeTarget "CombineUserUITests" */;
			buildPhases = (
				36B720D62E828F9B001B0E2B /* Sources */,
				36B720D72E828F9B001B0E2B /* Frameworks */,
				36B720D82E828F9B001B0E2B /* Resources */,
			);
			buildRules = (
			);
			dependencies = (
				36B720DC2E828F9B001B0E2B /* PBXTargetDependency */,
			);
			name = CombineUserUITests;
			packageProductDependencies = (
			);
			productName = CombineUserUITests;
			productReference = 36B720DA2E828F9B001B0E2B /* CombineUserUITests.xctest */;
			productType = "com.apple.product-type.bundle.ui-testing";
		};
/* End PBXNativeTarget section */

/* Begin PBXProject section */
		36B720B22E828F99001B0E2B /* Project object */ = {
			isa = PBXProject;
			attributes = {
				BuildIndependentTargetsInParallel = 1;
				LastSwiftUpdateCheck = 1640;
				LastUpgradeCheck = 1640;
				TargetAttributes = {
					36B720B92E828F99001B0E2B = {
						CreatedOnToolsVersion = 16.4;
					};
					36B720CF2E828F9B001B0E2B = {
						CreatedOnToolsVersion = 16.4;
						TestTargetID = 36B720B92E828F99001B0E2B;
					};
					36B720D92E828F9B001B0E2B = {
						CreatedOnToolsVersion = 16.4;
						TestTargetID = 36B720B92E828F99001B0E2B;
					};
				};
			};
			buildConfigurationList = 36B720B52E828F99001B0E2B /* Build configuration list for PBXProject "CombineUser" */;
			developmentRegion = en;
			hasScannedForEncodings = 0;
			knownRegions = (
				en,
				Base,
			);
			mainGroup = 36B720B12E828F99001B0E2B;
			minimizedProjectReferenceProxies = 1;
			preferredProjectObjectVersion = 77;
			productRefGroup = 36B720BB2E828F99001B0E2B /* Products */;
			projectDirPath = "";
			projectRoot = "";
			targets = (
				36B720B92E828F99001B0E2B /* CombineUser */,
				36B720CF2E828F9B001B0E2B /* CombineUserTests */,
				36B720D92E828F9B001B0E2B /* CombineUserUITests */,
			);
		};
/* End PBXProject section */

/* Begin PBXResourcesBuildPhase section */
		36B720B82E828F99001B0E2B /* Resources */ = {
			isa = PBXResourcesBuildPhase;
			buildActionMask = 2147483647;
			files = (
				36B721032E828FB0001B0E2B /* Assets.xcassets in Resources */,
				36B721042E828FB0001B0E2B /* Main.storyboard in Resources */,
				36B721052E828FB0001B0E2B /* LaunchScreen.storyboard in Resources */,
			);
			runOnlyForDeploymentPostprocessing = 0;
		};
		36B720CE2E828F9B001B0E2B /* Resources */ = {
			isa = PBXResourcesBuildPhase;
			buildActionMask = 2147483647;
			files = (
			);
			runOnlyForDeploymentPostprocessing = 0;
		};
		36B720D82E828F9B001B0E2B /* Resources */ = {
			isa = PBXResourcesBuildPhase;
			buildActionMask = 2147483647;
			files = (
			);
			runOnlyForDeploymentPostprocessing = 0;
		};
/* End PBXResourcesBuildPhase section */

/* Begin PBXSourcesBuildPhase section */
		36B720B62E828F99001B0E2B /* Sources */ = {
			isa = PBXSourcesBuildPhase;
			buildActionMask = 2147483647;
			files = (
				36B721202E829001001B0E2B /* FetchUsersUseCase.swift in Sources */,
				36B721212E829001001B0E2B /* UserDetailViewController.swift in Sources */,
				36B721232E829001001B0E2B /* APIClient.swift in Sources */,
				36B721242E829001001B0E2B /* Endpoint.swift in Sources */,
				36B721252E829001001B0E2B /* UsersRepositoryImpl.swift in Sources */,
				36B721262E829001001B0E2B /* UsersListViewModel.swift in Sources */,
				36B721BC2E8393D7001B0E2B /* DeleteUserUserCase.swift in Sources */,
				36B721272E829001001B0E2B /* UsersEndpoint.swift in Sources */,
				36B721282E829001001B0E2B /* UserDetailViewModel.swift in Sources */,
				36B721292E829001001B0E2B /* UserModel.swift in Sources */,
				36B7212A2E829001001B0E2B /* UsersRepository.swift in Sources */,
				36B7212B2E829001001B0E2B /* APIError.swift in Sources */,
				36B721B92E8389D0001B0E2B /* FetchUsersByIdUseCase.swift in Sources */,
				36B7212C2E829001001B0E2B /* DomainError.swift in Sources */,
				36B7212D2E829001001B0E2B /* APIURL.swift in Sources */,
				36B721B72E838372001B0E2B /* UserMapper.swift in Sources */,
				36B7212E2E829001001B0E2B /* UsersListViewController.swift in Sources */,
				36B721B52E838317001B0E2B /* UserDTO.swift in Sources */,
				36B721012E828FB0001B0E2B /* AppDelegate.swift in Sources */,
			);
			runOnlyForDeploymentPostprocessing = 0;
		};
		36B720CC2E828F9B001B0E2B /* Sources */ = {
			isa = PBXSourcesBuildPhase;
			buildActionMask = 2147483647;
			files = (
				36B721C22E839C18001B0E2B /* MockURL.swift in Sources */,
				36B721BF2E839B3E001B0E2B /* UserDtoConvertTests.swift in Sources */,
				36B721C62E839CCB001B0E2B /* UserRepoTests.swift in Sources */,
				36B721B12E829758001B0E2B /* UserUseCaseTests.swift in Sources */,
			);
			runOnlyForDeploymentPostprocessing = 0;
		};
		36B720D62E828F9B001B0E2B /* Sources */ = {
			isa = PBXSourcesBuildPhase;
			buildActionMask = 2147483647;
			files = (
			);
			runOnlyForDeploymentPostprocessing = 0;
		};
/* End PBXSourcesBuildPhase section */

/* Begin PBXTargetDependency section */
		36B720D22E828F9B001B0E2B /* PBXTargetDependency */ = {
			isa = PBXTargetDependency;
			target = 36B720B92E828F99001B0E2B /* CombineUser */;
			targetProxy = 36B720D12E828F9B001B0E2B /* PBXContainerItemProxy */;
		};
		36B720DC2E828F9B001B0E2B /* PBXTargetDependency */ = {
			isa = PBXTargetDependency;
			target = 36B720B92E828F99001B0E2B /* CombineUser */;
			targetProxy = 36B720DB2E828F9B001B0E2B /* PBXContainerItemProxy */;
		};
/* End PBXTargetDependency section */

/* Begin PBXVariantGroup section */
		36B720F22E828FB0001B0E2B /* LaunchScreen.storyboard */ = {
			isa = PBXVariantGroup;
			children = (
				36B720F12E828FB0001B0E2B /* Base */,
			);
			name = LaunchScreen.storyboard;
			sourceTree = "<group>";
		};
		36B720F42E828FB0001B0E2B /* Main.storyboard */ = {
			isa = PBXVariantGroup;
			children = (
				36B720F32E828FB0001B0E2B /* Base */,
			);
			name = Main.storyboard;
			sourceTree = "<group>";
		};
/* End PBXVariantGroup section */

/* Begin XCBuildConfiguration section */
		36B720E42E828F9B001B0E2B /* Debug */ = {
			isa = XCBuildConfiguration;
			buildSettings = {
				ASSETCATALOG_COMPILER_APPICON_NAME = AppIcon;
				ASSETCATALOG_COMPILER_GLOBAL_ACCENT_COLOR_NAME = AccentColor;
				CODE_SIGN_STYLE = Automatic;
				CURRENT_PROJECT_VERSION = 1;
				DEVELOPMENT_TEAM = 376L64R996;
				GENERATE_INFOPLIST_FILE = NO;
				INFOPLIST_FILE = CombineUser/Info.plist;
				INFOPLIST_KEY_UIApplicationSupportsIndirectInputEvents = YES;
				INFOPLIST_KEY_UILaunchStoryboardName = LaunchScreen;
				INFOPLIST_KEY_UIMainStoryboardFile = Main;
				INFOPLIST_KEY_UISupportedInterfaceOrientations_iPad = "UIInterfaceOrientationPortrait UIInterfaceOrientationPortraitUpsideDown UIInterfaceOrientationLandscapeLeft UIInterfaceOrientationLandscapeRight";
				INFOPLIST_KEY_UISupportedInterfaceOrientations_iPhone = "UIInterfaceOrientationPortrait UIInterfaceOrientationLandscapeLeft UIInterfaceOrientationLandscapeRight";
				LD_RUNPATH_SEARCH_PATHS = (
					"$(inherited)",
					"@executable_path/Frameworks",
				);
				MARKETING_VERSION = 1.0;
				PRODUCT_BUNDLE_IDENTIFIER = com.ehun.CombineUser.CombineUser;
				PRODUCT_NAME = "$(TARGET_NAME)";
				SWIFT_EMIT_LOC_STRINGS = YES;
				SWIFT_VERSION = 5.0;
				TARGETED_DEVICE_FAMILY = "1,2";
			};
			name = Debug;
		};
		36B720E52E828F9B001B0E2B /* Release */ = {
			isa = XCBuildConfiguration;
			buildSettings = {
				ASSETCATALOG_COMPILER_APPICON_NAME = AppIcon;
				ASSETCATALOG_COMPILER_GLOBAL_ACCENT_COLOR_NAME = AccentColor;
				CODE_SIGN_STYLE = Automatic;
				CURRENT_PROJECT_VERSION = 1;
				DEVELOPMENT_TEAM = 376L64R996;
				GENERATE_INFOPLIST_FILE = NO;
				INFOPLIST_FILE = CombineUser/Info.plist;
				INFOPLIST_KEY_UIApplicationSupportsIndirectInputEvents = YES;
				INFOPLIST_KEY_UILaunchStoryboardName = LaunchScreen;
				INFOPLIST_KEY_UIMainStoryboardFile = Main;
				INFOPLIST_KEY_UISupportedInterfaceOrientations_iPad = "UIInterfaceOrientationPortrait UIInterfaceOrientationPortraitUpsideDown UIInterfaceOrientationLandscapeLeft UIInterfaceOrientationLandscapeRight";
				INFOPLIST_KEY_UISupportedInterfaceOrientations_iPhone = "UIInterfaceOrientationPortrait UIInterfaceOrientationLandscapeLeft UIInterfaceOrientationLandscapeRight";
				LD_RUNPATH_SEARCH_PATHS = (
					"$(inherited)",
					"@executable_path/Frameworks",
				);
				MARKETING_VERSION = 1.0;
				PRODUCT_BUNDLE_IDENTIFIER = com.ehun.CombineUser.CombineUser;
				PRODUCT_NAME = "$(TARGET_NAME)";
				SWIFT_EMIT_LOC_STRINGS = YES;
				SWIFT_VERSION = 5.0;
				TARGETED_DEVICE_FAMILY = "1,2";
			};
			name = Release;
		};
		36B720E62E828F9B001B0E2B /* Debug */ = {
			isa = XCBuildConfiguration;
			buildSettings = {
				ALWAYS_SEARCH_USER_PATHS = NO;
				ASSETCATALOG_COMPILER_GENERATE_SWIFT_ASSET_SYMBOL_EXTENSIONS = YES;
				CLANG_ANALYZER_NONNULL = YES;
				CLANG_ANALYZER_NUMBER_OBJECT_CONVERSION = YES_AGGRESSIVE;
				CLANG_CXX_LANGUAGE_STANDARD = "gnu++20";
				CLANG_ENABLE_MODULES = YES;
				CLANG_ENABLE_OBJC_ARC = YES;
				CLANG_ENABLE_OBJC_WEAK = YES;
				CLANG_WARN_BLOCK_CAPTURE_AUTORELEASING = YES;
				CLANG_WARN_BOOL_CONVERSION = YES;
				CLANG_WARN_COMMA = YES;
				CLANG_WARN_CONSTANT_CONVERSION = YES;
				CLANG_WARN_DEPRECATED_OBJC_IMPLEMENTATIONS = YES;
				CLANG_WARN_DIRECT_OBJC_ISA_USAGE = YES_ERROR;
				CLANG_WARN_DOCUMENTATION_COMMENTS = YES;
				CLANG_WARN_EMPTY_BODY = YES;
				CLANG_WARN_ENUM_CONVERSION = YES;
				CLANG_WARN_INFINITE_RECURSION = YES;
				CLANG_WARN_INT_CONVERSION = YES;
				CLANG_WARN_NON_LITERAL_NULL_CONVERSION = YES;
				CLANG_WARN_OBJC_IMPLICIT_RETAIN_SELF = YES;
				CLANG_WARN_OBJC_LITERAL_CONVERSION = YES;
				CLANG_WARN_OBJC_ROOT_CLASS = YES_ERROR;
				CLANG_WARN_QUOTED_INCLUDE_IN_FRAMEWORK_HEADER = YES;
				CLANG_WARN_RANGE_LOOP_ANALYSIS = YES;
				CLANG_WARN_STRICT_PROTOTYPES = YES;
				CLANG_WARN_SUSPICIOUS_MOVE = YES;
				CLANG_WARN_UNGUARDED_AVAILABILITY = YES_AGGRESSIVE;
				CLANG_WARN_UNREACHABLE_CODE = YES;
				CLANG_WARN__DUPLICATE_METHOD_MATCH = YES;
				COPY_PHASE_STRIP = NO;
				DEBUG_INFORMATION_FORMAT = dwarf;
				DEVELOPMENT_TEAM = 376L64R996;
				ENABLE_STRICT_OBJC_MSGSEND = YES;
				ENABLE_TESTABILITY = YES;
				ENABLE_USER_SCRIPT_SANDBOXING = YES;
				GCC_C_LANGUAGE_STANDARD = gnu17;
				GCC_DYNAMIC_NO_PIC = NO;
				GCC_NO_COMMON_BLOCKS = YES;
				GCC_OPTIMIZATION_LEVEL = 0;
				GCC_PREPROCESSOR_DEFINITIONS = (
					"DEBUG=1",
					"$(inherited)",
				);
				GCC_WARN_64_TO_32_BIT_CONVERSION = YES;
				GCC_WARN_ABOUT_RETURN_TYPE = YES_ERROR;
				GCC_WARN_UNDECLARED_SELECTOR = YES;
				GCC_WARN_UNINITIALIZED_AUTOS = YES_AGGRESSIVE;
				GCC_WARN_UNUSED_FUNCTION = YES;
				GCC_WARN_UNUSED_VARIABLE = YES;
				IPHONEOS_DEPLOYMENT_TARGET = 18.5;
				LOCALIZATION_PREFERS_STRING_CATALOGS = YES;
				MTL_ENABLE_DEBUG_INFO = INCLUDE_SOURCE;
				MTL_FAST_MATH = YES;
				ONLY_ACTIVE_ARCH = YES;
				SDKROOT = iphoneos;
				SWIFT_ACTIVE_COMPILATION_CONDITIONS = "DEBUG $(inherited)";
				SWIFT_OPTIMIZATION_LEVEL = "-Onone";
			};
			name = Debug;
		};
		36B720E72E828F9B001B0E2B /* Release */ = {
			isa = XCBuildConfiguration;
			buildSettings = {
				ALWAYS_SEARCH_USER_PATHS = NO;
				ASSETCATALOG_COMPILER_GENERATE_SWIFT_ASSET_SYMBOL_EXTENSIONS = YES;
				CLANG_ANALYZER_NONNULL = YES;
				CLANG_ANALYZER_NUMBER_OBJECT_CONVERSION = YES_AGGRESSIVE;
				CLANG_CXX_LANGUAGE_STANDARD = "gnu++20";
				CLANG_ENABLE_MODULES = YES;
				CLANG_ENABLE_OBJC_ARC = YES;
				CLANG_ENABLE_OBJC_WEAK = YES;
				CLANG_WARN_BLOCK_CAPTURE_AUTORELEASING = YES;
				CLANG_WARN_BOOL_CONVERSION = YES;
				CLANG_WARN_COMMA = YES;
				CLANG_WARN_CONSTANT_CONVERSION = YES;
				CLANG_WARN_DEPRECATED_OBJC_IMPLEMENTATIONS = YES;
				CLANG_WARN_DIRECT_OBJC_ISA_USAGE = YES_ERROR;
				CLANG_WARN_DOCUMENTATION_COMMENTS = YES;
				CLANG_WARN_EMPTY_BODY = YES;
				CLANG_WARN_ENUM_CONVERSION = YES;
				CLANG_WARN_INFINITE_RECURSION = YES;
				CLANG_WARN_INT_CONVERSION = YES;
				CLANG_WARN_NON_LITERAL_NULL_CONVERSION = YES;
				CLANG_WARN_OBJC_IMPLICIT_RETAIN_SELF = YES;
				CLANG_WARN_OBJC_LITERAL_CONVERSION = YES;
				CLANG_WARN_OBJC_ROOT_CLASS = YES_ERROR;
				CLANG_WARN_QUOTED_INCLUDE_IN_FRAMEWORK_HEADER = YES;
				CLANG_WARN_RANGE_LOOP_ANALYSIS = YES;
				CLANG_WARN_STRICT_PROTOTYPES = YES;
				CLANG_WARN_SUSPICIOUS_MOVE = YES;
				CLANG_WARN_UNGUARDED_AVAILABILITY = YES_AGGRESSIVE;
				CLANG_WARN_UNREACHABLE_CODE = YES;
				CLANG_WARN__DUPLICATE_METHOD_MATCH = YES;
				COPY_PHASE_STRIP = NO;
				DEBUG_INFORMATION_FORMAT = "dwarf-with-dsym";
				DEVELOPMENT_TEAM = 376L64R996;
				ENABLE_NS_ASSERTIONS = NO;
				ENABLE_STRICT_OBJC_MSGSEND = YES;
				ENABLE_USER_SCRIPT_SANDBOXING = YES;
				GCC_C_LANGUAGE_STANDARD = gnu17;
				GCC_NO_COMMON_BLOCKS = YES;
				GCC_WARN_64_TO_32_BIT_CONVERSION = YES;
				GCC_WARN_ABOUT_RETURN_TYPE = YES_ERROR;
				GCC_WARN_UNDECLARED_SELECTOR = YES;
				GCC_WARN_UNINITIALIZED_AUTOS = YES_AGGRESSIVE;
				GCC_WARN_UNUSED_FUNCTION = YES;
				GCC_WARN_UNUSED_VARIABLE = YES;
				IPHONEOS_DEPLOYMENT_TARGET = 18.5;
				LOCALIZATION_PREFERS_STRING_CATALOGS = YES;
				MTL_ENABLE_DEBUG_INFO = NO;
				MTL_FAST_MATH = YES;
				SDKROOT = iphoneos;
				SWIFT_COMPILATION_MODE = wholemodule;
				VALIDATE_PRODUCT = YES;
			};
			name = Release;
		};
		36B720E92E828F9B001B0E2B /* Debug */ = {
			isa = XCBuildConfiguration;
			buildSettings = {
				BUNDLE_LOADER = "$(TEST_HOST)";
				CODE_SIGN_STYLE = Automatic;
				CURRENT_PROJECT_VERSION = 1;
				DEVELOPMENT_TEAM = 376L64R996;
				GENERATE_INFOPLIST_FILE = YES;
				IPHONEOS_DEPLOYMENT_TARGET = 18.5;
				MARKETING_VERSION = 1.0;
				PRODUCT_BUNDLE_IDENTIFIER = com.ehun.CombineUser.CombineUserTests;
				PRODUCT_NAME = "$(TARGET_NAME)";
				SWIFT_EMIT_LOC_STRINGS = NO;
				SWIFT_VERSION = 5.0;
				TARGETED_DEVICE_FAMILY = "1,2";
				TEST_HOST = "$(BUILT_PRODUCTS_DIR)/CombineUser.app/$(BUNDLE_EXECUTABLE_FOLDER_PATH)/CombineUser";
			};
			name = Debug;
		};
		36B720EA2E828F9B001B0E2B /* Release */ = {
			isa = XCBuildConfiguration;
			buildSettings = {
				BUNDLE_LOADER = "$(TEST_HOST)";
				CODE_SIGN_STYLE = Automatic;
				CURRENT_PROJECT_VERSION = 1;
				DEVELOPMENT_TEAM = 376L64R996;
				GENERATE_INFOPLIST_FILE = YES;
				IPHONEOS_DEPLOYMENT_TARGET = 18.5;
				MARKETING_VERSION = 1.0;
				PRODUCT_BUNDLE_IDENTIFIER = com.ehun.CombineUser.CombineUserTests;
				PRODUCT_NAME = "$(TARGET_NAME)";
				SWIFT_EMIT_LOC_STRINGS = NO;
				SWIFT_VERSION = 5.0;
				TARGETED_DEVICE_FAMILY = "1,2";
				TEST_HOST = "$(BUILT_PRODUCTS_DIR)/CombineUser.app/$(BUNDLE_EXECUTABLE_FOLDER_PATH)/CombineUser";
			};
			name = Release;
		};
		36B720EC2E828F9B001B0E2B /* Debug */ = {
			isa = XCBuildConfiguration;
			buildSettings = {
				CODE_SIGN_STYLE = Automatic;
				CURRENT_PROJECT_VERSION = 1;
				DEVELOPMENT_TEAM = 376L64R996;
				GENERATE_INFOPLIST_FILE = YES;
				MARKETING_VERSION = 1.0;
				PRODUCT_BUNDLE_IDENTIFIER = com.ehun.CombineUser.CombineUserUITests;
				PRODUCT_NAME = "$(TARGET_NAME)";
				SWIFT_EMIT_LOC_STRINGS = NO;
				SWIFT_VERSION = 5.0;
				TARGETED_DEVICE_FAMILY = "1,2";
				TEST_TARGET_NAME = CombineUser;
			};
			name = Debug;
		};
		36B720ED2E828F9B001B0E2B /* Release */ = {
			isa = XCBuildConfiguration;
			buildSettings = {
				CODE_SIGN_STYLE = Automatic;
				CURRENT_PROJECT_VERSION = 1;
				DEVELOPMENT_TEAM = 376L64R996;
				GENERATE_INFOPLIST_FILE = YES;
				MARKETING_VERSION = 1.0;
				PRODUCT_BUNDLE_IDENTIFIER = com.ehun.CombineUser.CombineUserUITests;
				PRODUCT_NAME = "$(TARGET_NAME)";
				SWIFT_EMIT_LOC_STRINGS = NO;
				SWIFT_VERSION = 5.0;
				TARGETED_DEVICE_FAMILY = "1,2";
				TEST_TARGET_NAME = CombineUser;
			};
			name = Release;
		};
/* End XCBuildConfiguration section */

/* Begin XCConfigurationList section */
		36B720B52E828F99001B0E2B /* Build configuration list for PBXProject "CombineUser" */ = {
			isa = XCConfigurationList;
			buildConfigurations = (
				36B720E62E828F9B001B0E2B /* Debug */,
				36B720E72E828F9B001B0E2B /* Release */,
			);
			defaultConfigurationIsVisible = 0;
			defaultConfigurationName = Release;
		};
		36B720E32E828F9B001B0E2B /* Build configuration list for PBXNativeTarget "CombineUser" */ = {
			isa = XCConfigurationList;
			buildConfigurations = (
				36B720E42E828F9B001B0E2B /* Debug */,
				36B720E52E828F9B001B0E2B /* Release */,
			);
			defaultConfigurationIsVisible = 0;
			defaultConfigurationName = Release;
		};
		36B720E82E828F9B001B0E2B /* Build configuration list for PBXNativeTarget "CombineUserTests" */ = {
			isa = XCConfigurationList;
			buildConfigurations = (
				36B720E92E828F9B001B0E2B /* Debug */,
				36B720EA2E828F9B001B0E2B /* Release */,
			);
			defaultConfigurationIsVisible = 0;
			defaultConfigurationName = Release;
		};
		36B720EB2E828F9B001B0E2B /* Build configuration list for PBXNativeTarget "CombineUserUITests" */ = {
			isa = XCConfigurationList;
			buildConfigurations = (
				36B720EC2E828F9B001B0E2B /* Debug */,
				36B720ED2E828F9B001B0E2B /* Release */,
			);
			defaultConfigurationIsVisible = 0;
			defaultConfigurationName = Release;
		};
/* End XCConfigurationList section */
	};
	rootObject = 36B720B22E828F99001B0E2B /* Project object */;
}
